
Microsoft Visual Studio Solution File, Format Version 12.00
# Visual Studio 15
VisualStudioVersion = 15.0.26730.16
MinimumVisualStudioVersion = 10.0.40219.1
Project("{FAE04EC0-301F-11D3-BF4B-00C04F79EFBC}") = "MvcMovie", "MvcMovie\MvcMovie.csproj", "{6801CB00-15B0-494E-94AB-15D34221759B}"
EndProject
Global
	GlobalSection(SolutionConfigurationPlatforms) = preSolution
		Debug|Any CPU = Debug|Any CPU
		Release|Any CPU = Release|Any CPU
	EndGlobalSection
	GlobalSection(ProjectConfigurationPlatforms) = postSolution
		{6801CB00-15B0-494E-94AB-15D34221759B}.Debug|Any CPU.ActiveCfg = Debug|Any CPU
		{6801CB00-15B0-494E-94AB-15D34221759B}.Debug|Any CPU.Build.0 = Debug|Any CPU
		{6801CB00-15B0-494E-94AB-15D34221759B}.Release|Any CPU.ActiveCfg = Release|Any CPU
		{6801CB00-15B0-494E-94AB-15D34221759B}.Release|Any CPU.Build.0 = Release|Any CPU
	EndGlobalSection
	GlobalSection(SolutionProperties) = preSolution
		HideSolutionNode = FALSE
	EndGlobalSection
	GlobalSection(ExtensibilityGlobals) = postSolution
		SolutionGuid = {36B00BA8-3839-4ADB-8BF5-CAF31EE4ACBB}
	EndGlobalSection
EndGlobal
